# THIS IS AN AUTOGENERATED FILE. DO NOT EDIT THIS FILE DIRECTLY.
# yarn lockfile v1


lodash@^4.17.4:
  version "4.17.4"
  resolved "http://registry.npm.taobao.org/lodash/download/lodash-4.17.4.tgz#78203a4d1c328ae1d86dca6460e369b57f4055ae"

prettier@1.7.4:
  version "1.7.4"
  resolved "http://registry.npm.taobao.org/prettier/download/prettier-1.7.4.tgz#5e8624ae9363c80f95ec644584ecdf55d74f93fa"
